{
  "name": "luca-core",
  "lockfileVersion": 3,
  "requires": true,
  "packages": {
    "": {
      "name": "luca-core",
      "workspaces": [
        "packages/*"
      ],
      "devDependencies": {
        "typescript": "^5.4.0"
      }
    },
    "node_modules/@luca-core/data-access": {
      "resolved": "packages/data-access",
      "link": true
    },
    "node_modules/@luca-core/database": {
      "resolved": "packages/database",
      "link": true
    },
    "node_modules/@luca-core/encryption": {
      "resolved": "packages/encryption",
      "link": true
    },
    "node_modules/@luca-core/permissions": {
      "resolved": "packages/permissions",
      "link": true
    },
    "node_modules/typescript": {
      "version": "5.9.3",
      "resolved": "https://registry.npmjs.org/typescript/-/typescript-5.9.3.tgz",
      "integrity": "sha512-jl1vZzPDinLr9eUt3J/t7V6FgNEw9QjvBPdysz9KfQDD41fQrC2Y4vKQdiaUpFT4bXlb1RHhLpp8wtm6M5TgSw==",
      "dev": true,
      "license": "Apache-2.0",
      "bin": {
        "tsc": "bin/tsc",
        "tsserver": "bin/tsserver"
      },
      "engines": {
        "node": ">=14.17"
      }
    },
    "packages/data-access": {
      "name": "@luca-core/data-access",
      "version": "0.1.0"
    },
    "packages/database": {
      "name": "@luca-core/database",
      "version": "0.1.0"
    },
    "packages/encryption": {
      "name": "@luca-core/encryption",
      "version": "0.1.0"
    },
    "packages/permissions": {
      "name": "@luca-core/permissions",
      "version": "0.1.0"
    }
  }
}
